{
  "name": "wcia",
  "lockfileVersion": 3,
  "requires": true,
  "packages": {
    "": {
      "dependencies": {
        "csshake": "^1.7.0",
        "midi.js": "^0.3.1"
      }
    },
    "node_modules/csshake": {
      "version": "1.7.0",
      "resolved": "https://registry.npmjs.org/csshake/-/csshake-1.7.0.tgz",
      "integrity": "sha512-J8YPxrFmhNCK/sgoiWwbPDmUPramnEts8E9OZ6hdfh8z5wDjdIfVH0VgUz8HU5px5JpyLgnvPon6L3cmGef8TA=="
    },
    "node_modules/midi.js": {
      "version": "0.3.1",
      "resolved": "https://registry.npmjs.org/midi.js/-/midi.js-0.3.1.tgz",
      "integrity": "sha512-+TDze2q1z2o8fV6FdKNBxNvUr1qqmX+Iu6WA7KaNsY7ldRtmzvB5h27b5h+sLVJWnuyZ3CfDMTOOCJsYzUMiHg=="
    }
  }
}
